
Microsoft Visual Studio Solution File, Format Version 12.00
# Visual Studio Version 17
VisualStudioVersion = 17.0.31903.59
MinimumVisualStudioVersion = 10.0.40219.1
Project("{FAE04EC0-301F-11D3-BF4B-00C04F79EFBC}") = "StopwatchOverlay", "StopwatchOverlay\StopwatchOverlay.csproj", "{A1B2C3D4-E5F6-7890-ABCD-EF1234567890}"
EndProject
Project("{FAE04EC0-301F-11D3-BF4B-00C04F79EFBC}") = "StopwatchOverlay.Tests", "StopwatchOverlay.Tests\StopwatchOverlay.Tests.csproj", "{17534A18-533B-48E0-91B4-0AAE731D2E37}"
EndProject
Project("{FAE04EC0-301F-11D3-BF4B-00C04F79EFBC}") = "StopwatchOverlay.Core", "StopwatchOverlay.Core\StopwatchOverlay.Core.csproj", "{768BF168-7A84-4DF2-AD77-1FCED54E61B9}"
EndProject
Project("{FAE04EC0-301F-11D3-BF4B-00C04F79EFBC}") = "StopwatchOverlay.Desktop", "StopwatchOverlay.Desktop\StopwatchOverlay.Desktop.csproj", "{F799735B-19D6-4B3D-B6EC-9697024A0951}"
EndProject
Global
	GlobalSection(SolutionConfigurationPlatforms) = preSolution
		Debug|Any CPU = Debug|Any CPU
		Debug|x64 = Debug|x64
		Debug|x86 = Debug|x86
		Release|Any CPU = Release|Any CPU
		Release|x64 = Release|x64
		Release|x86 = Release|x86
	EndGlobalSection
	GlobalSection(ProjectConfigurationPlatforms) = postSolution
		{A1B2C3D4-E5F6-7890-ABCD-EF1234567890}.Debug|Any CPU.ActiveCfg = Debug|Any CPU
		{A1B2C3D4-E5F6-7890-ABCD-EF1234567890}.Debug|Any CPU.Build.0 = Debug|Any CPU
		{A1B2C3D4-E5F6-7890-ABCD-EF1234567890}.Debug|x64.ActiveCfg = Debug|Any CPU
		{A1B2C3D4-E5F6-7890-ABCD-EF1234567890}.Debug|x64.Build.0 = Debug|Any CPU
		{A1B2C3D4-E5F6-7890-ABCD-EF1234567890}.Debug|x86.ActiveCfg = Debug|Any CPU
		{A1B2C3D4-E5F6-7890-ABCD-EF1234567890}.Debug|x86.Build.0 = Debug|Any CPU
		{A1B2C3D4-E5F6-7890-ABCD-EF1234567890}.Release|Any CPU.ActiveCfg = Release|Any CPU
		{A1B2C3D4-E5F6-7890-ABCD-EF1234567890}.Release|Any CPU.Build.0 = Release|Any CPU
		{A1B2C3D4-E5F6-7890-ABCD-EF1234567890}.Release|x64.ActiveCfg = Release|Any CPU
		{A1B2C3D4-E5F6-7890-ABCD-EF1234567890}.Release|x64.Build.0 = Release|Any CPU
		{A1B2C3D4-E5F6-7890-ABCD-EF1234567890}.Release|x86.ActiveCfg = Release|Any CPU
		{A1B2C3D4-E5F6-7890-ABCD-EF1234567890}.Release|x86.Build.0 = Release|Any CPU
		{17534A18-533B-48E0-91B4-0AAE731D2E37}.Debug|Any CPU.ActiveCfg = Debug|Any CPU
		{17534A18-533B-48E0-91B4-0AAE731D2E37}.Debug|Any CPU.Build.0 = Debug|Any CPU
		{17534A18-533B-48E0-91B4-0AAE731D2E37}.Debug|x64.ActiveCfg = Debug|Any CPU
		{17534A18-533B-48E0-91B4-0AAE731D2E37}.Debug|x64.Build.0 = Debug|Any CPU
		{17534A18-533B-48E0-91B4-0AAE731D2E37}.Debug|x86.ActiveCfg = Debug|Any CPU
		{17534A18-533B-48E0-91B4-0AAE731D2E37}.Debug|x86.Build.0 = Debug|Any CPU
		{17534A18-533B-48E0-91B4-0AAE731D2E37}.Release|Any CPU.ActiveCfg = Release|Any CPU
		{17534A18-533B-48E0-91B4-0AAE731D2E37}.Release|Any CPU.Build.0 = Release|Any CPU
		{17534A18-533B-48E0-91B4-0AAE731D2E37}.Release|x64.ActiveCfg = Release|Any CPU
		{17534A18-533B-48E0-91B4-0AAE731D2E37}.Release|x64.Build.0 = Release|Any CPU
		{17534A18-533B-48E0-91B4-0AAE731D2E37}.Release|x86.ActiveCfg = Release|Any CPU
		{17534A18-533B-48E0-91B4-0AAE731D2E37}.Release|x86.Build.0 = Release|Any CPU
		{768BF168-7A84-4DF2-AD77-1FCED54E61B9}.Debug|Any CPU.ActiveCfg = Debug|Any CPU
		{768BF168-7A84-4DF2-AD77-1FCED54E61B9}.Debug|Any CPU.Build.0 = Debug|Any CPU
		{768BF168-7A84-4DF2-AD77-1FCED54E61B9}.Debug|x64.ActiveCfg = Debug|Any CPU
		{768BF168-7A84-4DF2-AD77-1FCED54E61B9}.Debug|x64.Build.0 = Debug|Any CPU
		{768BF168-7A84-4DF2-AD77-1FCED54E61B9}.Debug|x86.ActiveCfg = Debug|Any CPU
		{768BF168-7A84-4DF2-AD77-1FCED54E61B9}.Debug|x86.Build.0 = Debug|Any CPU
		{768BF168-7A84-4DF2-AD77-1FCED54E61B9}.Release|Any CPU.ActiveCfg = Release|Any CPU
		{768BF168-7A84-4DF2-AD77-1FCED54E61B9}.Release|Any CPU.Build.0 = Release|Any CPU
		{768BF168-7A84-4DF2-AD77-1FCED54E61B9}.Release|x64.ActiveCfg = Release|Any CPU
		{768BF168-7A84-4DF2-AD77-1FCED54E61B9}.Release|x64.Build.0 = Release|Any CPU
		{768BF168-7A84-4DF2-AD77-1FCED54E61B9}.Release|x86.ActiveCfg = Release|Any CPU
		{768BF168-7A84-4DF2-AD77-1FCED54E61B9}.Release|x86.Build.0 = Release|Any CPU
		{F799735B-19D6-4B3D-B6EC-9697024A0951}.Debug|Any CPU.ActiveCfg = Debug|Any CPU
		{F799735B-19D6-4B3D-B6EC-9697024A0951}.Debug|Any CPU.Build.0 = Debug|Any CPU
		{F799735B-19D6-4B3D-B6EC-9697024A0951}.Debug|x64.ActiveCfg = Debug|Any CPU
		{F799735B-19D6-4B3D-B6EC-9697024A0951}.Debug|x64.Build.0 = Debug|Any CPU
		{F799735B-19D6-4B3D-B6EC-9697024A0951}.Debug|x86.ActiveCfg = Debug|Any CPU
		{F799735B-19D6-4B3D-B6EC-9697024A0951}.Debug|x86.Build.0 = Debug|Any CPU
		{F799735B-19D6-4B3D-B6EC-9697024A0951}.Release|Any CPU.ActiveCfg = Release|Any CPU
		{F799735B-19D6-4B3D-B6EC-9697024A0951}.Release|Any CPU.Build.0 = Release|Any CPU
		{F799735B-19D6-4B3D-B6EC-9697024A0951}.Release|x64.ActiveCfg = Release|Any CPU
		{F799735B-19D6-4B3D-B6EC-9697024A0951}.Release|x64.Build.0 = Release|Any CPU
		{F799735B-19D6-4B3D-B6EC-9697024A0951}.Release|x86.ActiveCfg = Release|Any CPU
		{F799735B-19D6-4B3D-B6EC-9697024A0951}.Release|x86.Build.0 = Release|Any CPU
	EndGlobalSection
	GlobalSection(SolutionProperties) = preSolution
		HideSolutionNode = FALSE
	EndGlobalSection
EndGlobal
